
Microsoft Visual Studio Solution File, Format Version 12.00
# Visual Studio 14
VisualStudioVersion = 14.0.25420.1
MinimumVisualStudioVersion = 10.0.40219.1
Project("{FAE04EC0-301F-11D3-BF4B-00C04F79EFBC}") = "UniFirst.VehicleManagement", "UniFirst.VehicleManagement\UniFirst.VehicleManagement.csproj", "{BA642DE5-F9E3-4A02-9D4B-1A1A6E30A5E2}"
EndProject
Project("{FAE04EC0-301F-11D3-BF4B-00C04F79EFBC}") = "UniFirst.VehicleManagement.UnitTests", "UniFirst.VehicleManagement.UnitTests\UniFirst.VehicleManagement.UnitTests.csproj", "{6938727F-5CAB-4C14-9E15-4D6BD670BC47}"
EndProject
Global
	GlobalSection(SolutionConfigurationPlatforms) = preSolution
		Debug|Any CPU = Debug|Any CPU
		Release|Any CPU = Release|Any CPU
	EndGlobalSection
	GlobalSection(ProjectConfigurationPlatforms) = postSolution
		{BA642DE5-F9E3-4A02-9D4B-1A1A6E30A5E2}.Debug|Any CPU.ActiveCfg = Debug|Any CPU
		{BA642DE5-F9E3-4A02-9D4B-1A1A6E30A5E2}.Debug|Any CPU.Build.0 = Debug|Any CPU
		{BA642DE5-F9E3-4A02-9D4B-1A1A6E30A5E2}.Release|Any CPU.ActiveCfg = Release|Any CPU
		{BA642DE5-F9E3-4A02-9D4B-1A1A6E30A5E2}.Release|Any CPU.Build.0 = Release|Any CPU
		{6938727F-5CAB-4C14-9E15-4D6BD670BC47}.Debug|Any CPU.ActiveCfg = Debug|Any CPU
		{6938727F-5CAB-4C14-9E15-4D6BD670BC47}.Debug|Any CPU.Build.0 = Debug|Any CPU
		{6938727F-5CAB-4C14-9E15-4D6BD670BC47}.Release|Any CPU.ActiveCfg = Release|Any CPU
		{6938727F-5CAB-4C14-9E15-4D6BD670BC47}.Release|Any CPU.Build.0 = Release|Any CPU
	EndGlobalSection
	GlobalSection(SolutionProperties) = preSolution
		HideSolutionNode = FALSE
	EndGlobalSection
EndGlobal
